// !$*UTF8*$!
{
	archiveVersion = 1;
	classes = {
	};
	objectVersion = 56;
	objects = {

/* Begin PBXBuildFile section */
		D805E90B2A95100F003C2614 /* tattoo_artist_finderApp.swift in Sources */ = {isa = PBXBuildFile; fileRef = D805E90A2A95100F003C2614 /* tattoo_artist_finderApp.swift */; };
		D805E90D2A95100F003C2614 /* ContentView.swift in Sources */ = {isa = PBXBuildFile; fileRef = D805E90C2A95100F003C2614 /* ContentView.swift */; };
		D805E90F2A951010003C2614 /* Assets.xcassets in Resources */ = {isa = PBXBuildFile; fileRef = D805E90E2A951010003C2614 /* Assets.xcassets */; };
		D805E9132A951010003C2614 /* Preview Assets.xcassets in Resources */ = {isa = PBXBuildFile; fileRef = D805E9122A951010003C2614 /* Preview Assets.xcassets */; };
		D805E91D2A951010003C2614 /* tattoo_artist_finderTests.swift in Sources */ = {isa = PBXBuildFile; fileRef = D805E91C2A951010003C2614 /* tattoo_artist_finderTests.swift */; };
		D805E9272A951010003C2614 /* tattoo_artist_finderUITests.swift in Sources */ = {isa = PBXBuildFile; fileRef = D805E9262A951010003C2614 /* tattoo_artist_finderUITests.swift */; };
		D805E9292A951010003C2614 /* tattoo_artist_finderUITestsLaunchTests.swift in Sources */ = {isa = PBXBuildFile; fileRef = D805E9282A951010003C2614 /* tattoo_artist_finderUITestsLaunchTests.swift */; };
/* End PBXBuildFile section */

/* Begin PBXContainerItemProxy section */
		D805E9192A951010003C2614 /* PBXContainerItemProxy */ = {
			isa = PBXContainerItemProxy;
			containerPortal = D805E8FF2A95100F003C2614 /* Project object */;
			proxyType = 1;
			remoteGlobalIDString = D805E9062A95100F003C2614;
			remoteInfo = "tattoo-artist-finder";
		};
		D805E9232A951010003C2614 /* PBXContainerItemProxy */ = {
			isa = PBXContainerItemProxy;
			containerPortal = D805E8FF2A95100F003C2614 /* Project object */;
			proxyType = 1;
			remoteGlobalIDString = D805E9062A95100F003C2614;
			remoteInfo = "tattoo-artist-finder";
		};
/* End PBXContainerItemProxy section */

/* Begin PBXFileReference section */
		D805E9072A95100F003C2614 /* tattoo-artist-finder.app */ = {isa = PBXFileReference; explicitFileType = wrapper.application; includeInIndex = 0; path = "tattoo-artist-finder.app"; sourceTree = BUILT_PRODUCTS_DIR; };
		D805E90A2A95100F003C2614 /* tattoo_artist_finderApp.swift */ = {isa = PBXFileReference; lastKnownFileType = sourcecode.swift; path = tattoo_artist_finderApp.swift; sourceTree = "<group>"; };
		D805E90C2A95100F003C2614 /* ContentView.swift */ = {isa = PBXFileReference; lastKnownFileType = sourcecode.swift; path = ContentView.swift; sourceTree = "<group>"; };
		D805E90E2A951010003C2614 /* Assets.xcassets */ = {isa = PBXFileReference; lastKnownFileType = folder.assetcatalog; path = Assets.xcassets; sourceTree = "<group>"; };
		D805E9102A951010003C2614 /* tattoo_artist_finder.entitlements */ = {isa = PBXFileReference; lastKnownFileType = text.plist.entitlements; path = tattoo_artist_finder.entitlements; sourceTree = "<group>"; };
		D805E9122A951010003C2614 /* Preview Assets.xcassets */ = {isa = PBXFileReference; lastKnownFileType = folder.assetcatalog; path = "Preview Assets.xcassets"; sourceTree = "<group>"; };
		D805E9182A951010003C2614 /* tattoo-artist-finderTests.xctest */ = {isa = PBXFileReference; explicitFileType = wrapper.cfbundle; includeInIndex = 0; path = "tattoo-artist-finderTests.xctest"; sourceTree = BUILT_PRODUCTS_DIR; };
		D805E91C2A951010003C2614 /* tattoo_artist_finderTests.swift */ = {isa = PBXFileReference; lastKnownFileType = sourcecode.swift; path = tattoo_artist_finderTests.swift; sourceTree = "<group>"; };
		D805E9222A951010003C2614 /* tattoo-artist-finderUITests.xctest */ = {isa = PBXFileReference; explicitFileType = wrapper.cfbundle; includeInIndex = 0; path = "tattoo-artist-finderUITests.xctest"; sourceTree = BUILT_PRODUCTS_DIR; };
		D805E9262A951010003C2614 /* tattoo_artist_finderUITests.swift */ = {isa = PBXFileReference; lastKnownFileType = sourcecode.swift; path = tattoo_artist_finderUITests.swift; sourceTree = "<group>"; };
		D805E9282A951010003C2614 /* tattoo_artist_finderUITestsLaunchTests.swift */ = {isa = PBXFileReference; lastKnownFileType = sourcecode.swift; path = tattoo_artist_finderUITestsLaunchTests.swift; sourceTree = "<group>"; };
/* End PBXFileReference section */

/* Begin PBXFrameworksBuildPhase section */
		D805E9042A95100F003C2614 /* Frameworks */ = {
			isa = PBXFrameworksBuildPhase;
			buildActionMask = 2147483647;
			files = (
			);
			runOnlyForDeploymentPostprocessing = 0;
		};
		D805E9152A951010003C2614 /* Frameworks */ = {
			isa = PBXFrameworksBuildPhase;
			buildActionMask = 2147483647;
			files = (
			);
			runOnlyForDeploymentPostprocessing = 0;
		};
		D805E91F2A951010003C2614 /* Frameworks */ = {
			isa = PBXFrameworksBuildPhase;
			buildActionMask = 2147483647;
			files = (
			);
			runOnlyForDeploymentPostprocessing = 0;
		};
/* End PBXFrameworksBuildPhase section */

/* Begin PBXGroup section */
		D805E8FE2A95100F003C2614 = {
			isa = PBXGroup;
			children = (
				D805E9092A95100F003C2614 /* tattoo-artist-finder */,
				D805E91B2A951010003C2614 /* tattoo-artist-finderTests */,
				D805E9252A951010003C2614 /* tattoo-artist-finderUITests */,
				D805E9082A95100F003C2614 /* Products */,
			);
			sourceTree = "<group>";
		};
		D805E9082A95100F003C2614 /* Products */ = {
			isa = PBXGroup;
			children = (
				D805E9072A95100F003C2614 /* tattoo-artist-finder.app */,
				D805E9182A951010003C2614 /* tattoo-artist-finderTests.xctest */,
				D805E9222A951010003C2614 /* tattoo-artist-finderUITests.xctest */,
			);
			name = Products;
			sourceTree = "<group>";
		};
		D805E9092A95100F003C2614 /* tattoo-artist-finder */ = {
			isa = PBXGroup;
			children = (
				D805E90A2A95100F003C2614 /* tattoo_artist_finderApp.swift */,
				D805E90C2A95100F003C2614 /* ContentView.swift */,
				D805E90E2A951010003C2614 /* Assets.xcassets */,
				D805E9102A951010003C2614 /* tattoo_artist_finder.entitlements */,
				D805E9112A951010003C2614 /* Preview Content */,
			);
			path = "tattoo-artist-finder";
			sourceTree = "<group>";
		};
		D805E9112A951010003C2614 /* Preview Content */ = {
			isa = PBXGroup;
			children = (
				D805E9122A951010003C2614 /* Preview Assets.xcassets */,
			);
			path = "Preview Content";
			sourceTree = "<group>";
		};
		D805E91B2A951010003C2614 /* tattoo-artist-finderTests */ = {
			isa = PBXGroup;
			children = (
				D805E91C2A951010003C2614 /* tattoo_artist_finderTests.swift */,
			);
			path = "tattoo-artist-finderTests";
			sourceTree = "<group>";
		};
		D805E9252A951010003C2614 /* tattoo-artist-finderUITests */ = {
			isa = PBXGroup;
			children = (
				D805E9262A951010003C2614 /* tattoo_artist_finderUITests.swift */,
				D805E9282A951010003C2614 /* tattoo_artist_finderUITestsLaunchTests.swift */,
			);
			path = "tattoo-artist-finderUITests";
			sourceTree = "<group>";
		};
/* End PBXGroup section */

/* Begin PBXNativeTarget section */
		D805E9062A95100F003C2614 /* tattoo-artist-finder */ = {
			isa = PBXNativeTarget;
			buildConfigurationList = D805E92C2A951010003C2614 /* Build configuration list for PBXNativeTarget "tattoo-artist-finder" */;
			buildPhases = (
				D805E9032A95100F003C2614 /* Sources */,
				D805E9042A95100F003C2614 /* Frameworks */,
				D805E9052A95100F003C2614 /* Resources */,
			);
			buildRules = (
			);
			dependencies = (
			);
			name = "tattoo-artist-finder";
			productName = "tattoo-artist-finder";
			productReference = D805E9072A95100F003C2614 /* tattoo-artist-finder.app */;
			productType = "com.apple.product-type.application";
		};
		D805E9172A951010003C2614 /* tattoo-artist-finderTests */ = {
			isa = PBXNativeTarget;
			buildConfigurationList = D805E92F2A951010003C2614 /* Build configuration list for PBXNativeTarget "tattoo-artist-finderTests" */;
			buildPhases = (
				D805E9142A951010003C2614 /* Sources */,
				D805E9152A951010003C2614 /* Frameworks */,
				D805E9162A951010003C2614 /* Resources */,
			);
			buildRules = (
			);
			dependencies = (
				D805E91A2A951010003C2614 /* PBXTargetDependency */,
			);
			name = "tattoo-artist-finderTests";
			productName = "tattoo-artist-finderTests";
			productReference = D805E9182A951010003C2614 /* tattoo-artist-finderTests.xctest */;
			productType = "com.apple.product-type.bundle.unit-test";
		};
		D805E9212A951010003C2614 /* tattoo-artist-finderUITests */ = {
			isa = PBXNativeTarget;
			buildConfigurationList = D805E9322A951010003C2614 /* Build configuration list for PBXNativeTarget "tattoo-artist-finderUITests" */;
			buildPhases = (
				D805E91E2A951010003C2614 /* Sources */,
				D805E91F2A951010003C2614 /* Frameworks */,
				D805E9202A951010003C2614 /* Resources */,
			);
			buildRules = (
			);
			dependencies = (
				D805E9242A951010003C2614 /* PBXTargetDependency */,
			);
			name = "tattoo-artist-finderUITests";
			productName = "tattoo-artist-finderUITests";
			productReference = D805E9222A951010003C2614 /* tattoo-artist-finderUITests.xctest */;
			productType = "com.apple.product-type.bundle.ui-testing";
		};
/* End PBXNativeTarget section */

/* Begin PBXProject section */
		D805E8FF2A95100F003C2614 /* Project object */ = {
			isa = PBXProject;
			attributes = {
				BuildIndependentTargetsInParallel = 1;
				LastSwiftUpdateCheck = 1430;
				LastUpgradeCheck = 1430;
				TargetAttributes = {
					D805E9062A95100F003C2614 = {
						CreatedOnToolsVersion = 14.3.1;
					};
					D805E9172A951010003C2614 = {
						CreatedOnToolsVersion = 14.3.1;
						TestTargetID = D805E9062A95100F003C2614;
					};
					D805E9212A951010003C2614 = {
						CreatedOnToolsVersion = 14.3.1;
						TestTargetID = D805E9062A95100F003C2614;
					};
				};
			};
			buildConfigurationList = D805E9022A95100F003C2614 /* Build configuration list for PBXProject "tattoo-artist-finder" */;
			compatibilityVersion = "Xcode 14.0";
			developmentRegion = en;
			hasScannedForEncodings = 0;
			knownRegions = (
				en,
				Base,
			);
			mainGroup = D805E8FE2A95100F003C2614;
			productRefGroup = D805E9082A95100F003C2614 /* Products */;
			projectDirPath = "";
			projectRoot = "";
			targets = (
				D805E9062A95100F003C2614 /* tattoo-artist-finder */,
				D805E9172A951010003C2614 /* tattoo-artist-finderTests */,
				D805E9212A951010003C2614 /* tattoo-artist-finderUITests */,
			);
		};
/* End PBXProject section */

/* Begin PBXResourcesBuildPhase section */
		D805E9052A95100F003C2614 /* Resources */ = {
			isa = PBXResourcesBuildPhase;
			buildActionMask = 2147483647;
			files = (
				D805E9132A951010003C2614 /* Preview Assets.xcassets in Resources */,
				D805E90F2A951010003C2614 /* Assets.xcassets in Resources */,
			);
			runOnlyForDeploymentPostprocessing = 0;
		};
		D805E9162A951010003C2614 /* Resources */ = {
			isa = PBXResourcesBuildPhase;
			buildActionMask = 2147483647;
			files = (
			);
			runOnlyForDeploymentPostprocessing = 0;
		};
		D805E9202A951010003C2614 /* Resources */ = {
			isa = PBXResourcesBuildPhase;
			buildActionMask = 2147483647;
			files = (
			);
			runOnlyForDeploymentPostprocessing = 0;
		};
/* End PBXResourcesBuildPhase section */

/* Begin PBXSourcesBuildPhase section */
		D805E9032A95100F003C2614 /* Sources */ = {
			isa = PBXSourcesBuildPhase;
			buildActionMask = 2147483647;
			files = (
				D805E90D2A95100F003C2614 /* ContentView.swift in Sources */,
				D805E90B2A95100F003C2614 /* tattoo_artist_finderApp.swift in Sources */,
			);
			runOnlyForDeploymentPostprocessing = 0;
		};
		D805E9142A951010003C2614 /* Sources */ = {
			isa = PBXSourcesBuildPhase;
			buildActionMask = 2147483647;
			files = (
				D805E91D2A951010003C2614 /* tattoo_artist_finderTests.swift in Sources */,
			);
			runOnlyForDeploymentPostprocessing = 0;
		};
		D805E91E2A951010003C2614 /* Sources */ = {
			isa = PBXSourcesBuildPhase;
			buildActionMask = 2147483647;
			files = (
				D805E9292A951010003C2614 /* tattoo_artist_finderUITestsLaunchTests.swift in Sources */,
				D805E9272A951010003C2614 /* tattoo_artist_finderUITests.swift in Sources */,
			);
			runOnlyForDeploymentPostprocessing = 0;
		};
/* End PBXSourcesBuildPhase section */

/* Begin PBXTargetDependency section */
		D805E91A2A951010003C2614 /* PBXTargetDependency */ = {
			isa = PBXTargetDependency;
			target = D805E9062A95100F003C2614 /* tattoo-artist-finder */;
			targetProxy = D805E9192A951010003C2614 /* PBXContainerItemProxy */;
		};
		D805E9242A951010003C2614 /* PBXTargetDependency */ = {
			isa = PBXTargetDependency;
			target = D805E9062A95100F003C2614 /* tattoo-artist-finder */;
			targetProxy = D805E9232A951010003C2614 /* PBXContainerItemProxy */;
		};
/* End PBXTargetDependency section */

/* Begin XCBuildConfiguration section */
		D805E92A2A951010003C2614 /* Debug */ = {
			isa = XCBuildConfiguration;
			buildSettings = {
				ALWAYS_SEARCH_USER_PATHS = NO;
				CLANG_ANALYZER_NONNULL = YES;
				CLANG_ANALYZER_NUMBER_OBJECT_CONVERSION = YES_AGGRESSIVE;
				CLANG_CXX_LANGUAGE_STANDARD = "gnu++20";
				CLANG_ENABLE_MODULES = YES;
				CLANG_ENABLE_OBJC_ARC = YES;
				CLANG_ENABLE_OBJC_WEAK = YES;
				CLANG_WARN_BLOCK_CAPTURE_AUTORELEASING = YES;
				CLANG_WARN_BOOL_CONVERSION = YES;
				CLANG_WARN_COMMA = YES;
				CLANG_WARN_CONSTANT_CONVERSION = YES;
				CLANG_WARN_DEPRECATED_OBJC_IMPLEMENTATIONS = YES;
				CLANG_WARN_DIRECT_OBJC_ISA_USAGE = YES_ERROR;
				CLANG_WARN_DOCUMENTATION_COMMENTS = YES;
				CLANG_WARN_EMPTY_BODY = YES;
				CLANG_WARN_ENUM_CONVERSION = YES;
				CLANG_WARN_INFINITE_RECURSION = YES;
				CLANG_WARN_INT_CONVERSION = YES;
				CLANG_WARN_NON_LITERAL_NULL_CONVERSION = YES;
				CLANG_WARN_OBJC_IMPLICIT_RETAIN_SELF = YES;
				CLANG_WARN_OBJC_LITERAL_CONVERSION = YES;
				CLANG_WARN_OBJC_ROOT_CLASS = YES_ERROR;
				CLANG_WARN_QUOTED_INCLUDE_IN_FRAMEWORK_HEADER = YES;
				CLANG_WARN_RANGE_LOOP_ANALYSIS = YES;
				CLANG_WARN_STRICT_PROTOTYPES = YES;
				CLANG_WARN_SUSPICIOUS_MOVE = YES;
				CLANG_WARN_UNGUARDED_AVAILABILITY = YES_AGGRESSIVE;
				CLANG_WARN_UNREACHABLE_CODE = YES;
				CLANG_WARN__DUPLICATE_METHOD_MATCH = YES;
				COPY_PHASE_STRIP = NO;
				DEBUG_INFORMATION_FORMAT = dwarf;
				ENABLE_STRICT_OBJC_MSGSEND = YES;
				ENABLE_TESTABILITY = YES;
				GCC_C_LANGUAGE_STANDARD = gnu11;
				GCC_DYNAMIC_NO_PIC = NO;
				GCC_NO_COMMON_BLOCKS = YES;
				GCC_OPTIMIZATION_LEVEL = 0;
				GCC_PREPROCESSOR_DEFINITIONS = (
					"DEBUG=1",
					"$(inherited)",
				);
				GCC_WARN_64_TO_32_BIT_CONVERSION = YES;
				GCC_WARN_ABOUT_RETURN_TYPE = YES_ERROR;
				GCC_WARN_UNDECLARED_SELECTOR = YES;
				GCC_WARN_UNINITIALIZED_AUTOS = YES_AGGRESSIVE;
				GCC_WARN_UNUSED_FUNCTION = YES;
				GCC_WARN_UNUSED_VARIABLE = YES;
				MTL_ENABLE_DEBUG_INFO = INCLUDE_SOURCE;
				MTL_FAST_MATH = YES;
				ONLY_ACTIVE_ARCH = YES;
				SWIFT_ACTIVE_COMPILATION_CONDITIONS = DEBUG;
				SWIFT_OPTIMIZATION_LEVEL = "-Onone";
			};
			name = Debug;
		};
		D805E92B2A951010003C2614 /* Release */ = {
			isa = XCBuildConfiguration;
			buildSettings = {
				ALWAYS_SEARCH_USER_PATHS = NO;
				CLANG_ANALYZER_NONNULL = YES;
				CLANG_ANALYZER_NUMBER_OBJECT_CONVERSION = YES_AGGRESSIVE;
				CLANG_CXX_LANGUAGE_STANDARD = "gnu++20";
				CLANG_ENABLE_MODULES = YES;
				CLANG_ENABLE_OBJC_ARC = YES;
				CLANG_ENABLE_OBJC_WEAK = YES;
				CLANG_WARN_BLOCK_CAPTURE_AUTORELEASING = YES;
				CLANG_WARN_BOOL_CONVERSION = YES;
				CLANG_WARN_COMMA = YES;
				CLANG_WARN_CONSTANT_CONVERSION = YES;
				CLANG_WARN_DEPRECATED_OBJC_IMPLEMENTATIONS = YES;
				CLANG_WARN_DIRECT_OBJC_ISA_USAGE = YES_ERROR;
				CLANG_WARN_DOCUMENTATION_COMMENTS = YES;
				CLANG_WARN_EMPTY_BODY = YES;
				CLANG_WARN_ENUM_CONVERSION = YES;
				CLANG_WARN_INFINITE_RECURSION = YES;
				CLANG_WARN_INT_CONVERSION = YES;
				CLANG_WARN_NON_LITERAL_NULL_CONVERSION = YES;
				CLANG_WARN_OBJC_IMPLICIT_RETAIN_SELF = YES;
				CLANG_WARN_OBJC_LITERAL_CONVERSION = YES;
				CLANG_WARN_OBJC_ROOT_CLASS = YES_ERROR;
				CLANG_WARN_QUOTED_INCLUDE_IN_FRAMEWORK_HEADER = YES;
				CLANG_WARN_RANGE_LOOP_ANALYSIS = YES;
				CLANG_WARN_STRICT_PROTOTYPES = YES;
				CLANG_WARN_SUSPICIOUS_MOVE = YES;
				CLANG_WARN_UNGUARDED_AVAILABILITY = YES_AGGRESSIVE;
				CLANG_WARN_UNREACHABLE_CODE = YES;
				CLANG_WARN__DUPLICATE_METHOD_MATCH = YES;
				COPY_PHASE_STRIP = NO;
				DEBUG_INFORMATION_FORMAT = "dwarf-with-dsym";
				ENABLE_NS_ASSERTIONS = NO;
				ENABLE_STRICT_OBJC_MSGSEND = YES;
				GCC_C_LANGUAGE_STANDARD = gnu11;
				GCC_NO_COMMON_BLOCKS = YES;
				GCC_WARN_64_TO_32_BIT_CONVERSION = YES;
				GCC_WARN_ABOUT_RETURN_TYPE = YES_ERROR;
				GCC_WARN_UNDECLARED_SELECTOR = YES;
				GCC_WARN_UNINITIALIZED_AUTOS = YES_AGGRESSIVE;
				GCC_WARN_UNUSED_FUNCTION = YES;
				GCC_WARN_UNUSED_VARIABLE = YES;
				MTL_ENABLE_DEBUG_INFO = NO;
				MTL_FAST_MATH = YES;
				SWIFT_COMPILATION_MODE = wholemodule;
				SWIFT_OPTIMIZATION_LEVEL = "-O";
			};
			name = Release;
		};
		D805E92D2A951010003C2614 /* Debug */ = {
			isa = XCBuildConfiguration;
			buildSettings = {
				ASSETCATALOG_COMPILER_APPICON_NAME = AppIcon;
				ASSETCATALOG_COMPILER_GLOBAL_ACCENT_COLOR_NAME = AccentColor;
				CODE_SIGN_ENTITLEMENTS = "tattoo-artist-finder/tattoo_artist_finder.entitlements";
				CODE_SIGN_STYLE = Automatic;
				CURRENT_PROJECT_VERSION = 1;
				DEVELOPMENT_ASSET_PATHS = "\"tattoo-artist-finder/Preview Content\"";
				ENABLE_PREVIEWS = YES;
				GENERATE_INFOPLIST_FILE = YES;
				"INFOPLIST_KEY_UIApplicationSceneManifest_Generation[sdk=iphoneos*]" = YES;
				"INFOPLIST_KEY_UIApplicationSceneManifest_Generation[sdk=iphonesimulator*]" = YES;
				"INFOPLIST_KEY_UIApplicationSupportsIndirectInputEvents[sdk=iphoneos*]" = YES;
				"INFOPLIST_KEY_UIApplicationSupportsIndirectInputEvents[sdk=iphonesimulator*]" = YES;
				"INFOPLIST_KEY_UILaunchScreen_Generation[sdk=iphoneos*]" = YES;
				"INFOPLIST_KEY_UILaunchScreen_Generation[sdk=iphonesimulator*]" = YES;
				"INFOPLIST_KEY_UIStatusBarStyle[sdk=iphoneos*]" = UIStatusBarStyleDefault;
				"INFOPLIST_KEY_UIStatusBarStyle[sdk=iphonesimulator*]" = UIStatusBarStyleDefault;
				INFOPLIST_KEY_UISupportedInterfaceOrientations_iPad = "UIInterfaceOrientationPortrait UIInterfaceOrientationPortraitUpsideDown UIInterfaceOrientationLandscapeLeft UIInterfaceOrientationLandscapeRight";
				INFOPLIST_KEY_UISupportedInterfaceOrientations_iPhone = "UIInterfaceOrientationPortrait UIInterfaceOrientationLandscapeLeft UIInterfaceOrientationLandscapeRight";
				IPHONEOS_DEPLOYMENT_TARGET = 16.4;
				LD_RUNPATH_SEARCH_PATHS = "@executable_path/Frameworks";
				"LD_RUNPATH_SEARCH_PATHS[sdk=macosx*]" = "@executable_path/../Frameworks";
				MACOSX_DEPLOYMENT_TARGET = 13.3;
				MARKETING_VERSION = 1.0;
				PRODUCT_BUNDLE_IDENTIFIER = "theboys.tattoo-artist-finder";
				PRODUCT_NAME = "$(TARGET_NAME)";
				SDKROOT = auto;
				SUPPORTED_PLATFORMS = "iphoneos iphonesimulator macosx";
				SWIFT_EMIT_LOC_STRINGS = YES;
				SWIFT_VERSION = 5.0;
				TARGETED_DEVICE_FAMILY = "1,2";
			};
			name = Debug;
		};
		D805E92E2A951010003C2614 /* Release */ = {
			isa = XCBuildConfiguration;
			buildSettings = {
				ASSETCATALOG_COMPILER_APPICON_NAME = AppIcon;
				ASSETCATALOG_COMPILER_GLOBAL_ACCENT_COLOR_NAME = AccentColor;
				CODE_SIGN_ENTITLEMENTS = "tattoo-artist-finder/tattoo_artist_finder.entitlements";
				CODE_SIGN_STYLE = Automatic;
				CURRENT_PROJECT_VERSION = 1;
				DEVELOPMENT_ASSET_PATHS = "\"tattoo-artist-finder/Preview Content\"";
				ENABLE_PREVIEWS = YES;
				GENERATE_INFOPLIST_FILE = YES;
				"INFOPLIST_KEY_UIApplicationSceneManifest_Generation[sdk=iphoneos*]" = YES;
				"INFOPLIST_KEY_UIApplicationSceneManifest_Generation[sdk=iphonesimulator*]" = YES;
				"INFOPLIST_KEY_UIApplicationSupportsIndirectInputEvents[sdk=iphoneos*]" = YES;
				"INFOPLIST_KEY_UIApplicationSupportsIndirectInputEvents[sdk=iphonesimulator*]" = YES;
				"INFOPLIST_KEY_UILaunchScreen_Generation[sdk=iphoneos*]" = YES;
				"INFOPLIST_KEY_UILaunchScreen_Generation[sdk=iphonesimulator*]" = YES;
				"INFOPLIST_KEY_UIStatusBarStyle[sdk=iphoneos*]" = UIStatusBarStyleDefault;
				"INFOPLIST_KEY_UIStatusBarStyle[sdk=iphonesimulator*]" = UIStatusBarStyleDefault;
				INFOPLIST_KEY_UISupportedInterfaceOrientations_iPad = "UIInterfaceOrientationPortrait UIInterfaceOrientationPortraitUpsideDown UIInterfaceOrientationLandscapeLeft UIInterfaceOrientationLandscapeRight";
				INFOPLIST_KEY_UISupportedInterfaceOrientations_iPhone = "UIInterfaceOrientationPortrait UIInterfaceOrientationLandscapeLeft UIInterfaceOrientationLandscapeRight";
				IPHONEOS_DEPLOYMENT_TARGET = 16.4;
				LD_RUNPATH_SEARCH_PATHS = "@executable_path/Frameworks";
				"LD_RUNPATH_SEARCH_PATHS[sdk=macosx*]" = "@executable_path/../Frameworks";
				MACOSX_DEPLOYMENT_TARGET = 13.3;
				MARKETING_VERSION = 1.0;
				PRODUCT_BUNDLE_IDENTIFIER = "theboys.tattoo-artist-finder";
				PRODUCT_NAME = "$(TARGET_NAME)";
				SDKROOT = auto;
				SUPPORTED_PLATFORMS = "iphoneos iphonesimulator macosx";
				SWIFT_EMIT_LOC_STRINGS = YES;
				SWIFT_VERSION = 5.0;
				TARGETED_DEVICE_FAMILY = "1,2";
			};
			name = Release;
		};
		D805E9302A951010003C2614 /* Debug */ = {
			isa = XCBuildConfiguration;
			buildSettings = {
				ALWAYS_EMBED_SWIFT_STANDARD_LIBRARIES = YES;
				BUNDLE_LOADER = "$(TEST_HOST)";
				CODE_SIGN_STYLE = Automatic;
				CURRENT_PROJECT_VERSION = 1;
				GENERATE_INFOPLIST_FILE = YES;
				IPHONEOS_DEPLOYMENT_TARGET = 16.4;
				MACOSX_DEPLOYMENT_TARGET = 13.3;
				MARKETING_VERSION = 1.0;
				PRODUCT_BUNDLE_IDENTIFIER = "theboys.tattoo-artist-finderTests";
				PRODUCT_NAME = "$(TARGET_NAME)";
				SDKROOT = auto;
				SUPPORTED_PLATFORMS = "iphoneos iphonesimulator macosx";
				SWIFT_EMIT_LOC_STRINGS = NO;
				SWIFT_VERSION = 5.0;
				TARGETED_DEVICE_FAMILY = "1,2";
				TEST_HOST = "$(BUILT_PRODUCTS_DIR)/tattoo-artist-finder.app/$(BUNDLE_EXECUTABLE_FOLDER_PATH)/tattoo-artist-finder";
			};
			name = Debug;
		};
		D805E9312A951010003C2614 /* Release */ = {
			isa = XCBuildConfiguration;
			buildSettings = {
				ALWAYS_EMBED_SWIFT_STANDARD_LIBRARIES = YES;
				BUNDLE_LOADER = "$(TEST_HOST)";
				CODE_SIGN_STYLE = Automatic;
				CURRENT_PROJECT_VERSION = 1;
				GENERATE_INFOPLIST_FILE = YES;
				IPHONEOS_DEPLOYMENT_TARGET = 16.4;
				MACOSX_DEPLOYMENT_TARGET = 13.3;
				MARKETING_VERSION = 1.0;
				PRODUCT_BUNDLE_IDENTIFIER = "theboys.tattoo-artist-finderTests";
				PRODUCT_NAME = "$(TARGET_NAME)";
				SDKROOT = auto;
				SUPPORTED_PLATFORMS = "iphoneos iphonesimulator macosx";
				SWIFT_EMIT_LOC_STRINGS = NO;
				SWIFT_VERSION = 5.0;
				TARGETED_DEVICE_FAMILY = "1,2";
				TEST_HOST = "$(BUILT_PRODUCTS_DIR)/tattoo-artist-finder.app/$(BUNDLE_EXECUTABLE_FOLDER_PATH)/tattoo-artist-finder";
			};
			name = Release;
		};
		D805E9332A951010003C2614 /* Debug */ = {
			isa = XCBuildConfiguration;
			buildSettings = {
				ALWAYS_EMBED_SWIFT_STANDARD_LIBRARIES = YES;
				CODE_SIGN_STYLE = Automatic;
				CURRENT_PROJECT_VERSION = 1;
				GENERATE_INFOPLIST_FILE = YES;
				IPHONEOS_DEPLOYMENT_TARGET = 16.4;
				MACOSX_DEPLOYMENT_TARGET = 13.3;
				MARKETING_VERSION = 1.0;
				PRODUCT_BUNDLE_IDENTIFIER = "theboys.tattoo-artist-finderUITests";
				PRODUCT_NAME = "$(TARGET_NAME)";
				SDKROOT = auto;
				SUPPORTED_PLATFORMS = "iphoneos iphonesimulator macosx";
				SWIFT_EMIT_LOC_STRINGS = NO;
				SWIFT_VERSION = 5.0;
				TARGETED_DEVICE_FAMILY = "1,2";
				TEST_TARGET_NAME = "tattoo-artist-finder";
			};
			name = Debug;
		};
		D805E9342A951010003C2614 /* Release */ = {
			isa = XCBuildConfiguration;
			buildSettings = {
				ALWAYS_EMBED_SWIFT_STANDARD_LIBRARIES = YES;
				CODE_SIGN_STYLE = Automatic;
				CURRENT_PROJECT_VERSION = 1;
				GENERATE_INFOPLIST_FILE = YES;
				IPHONEOS_DEPLOYMENT_TARGET = 16.4;
				MACOSX_DEPLOYMENT_TARGET = 13.3;
				MARKETING_VERSION = 1.0;
				PRODUCT_BUNDLE_IDENTIFIER = "theboys.tattoo-artist-finderUITests";
				PRODUCT_NAME = "$(TARGET_NAME)";
				SDKROOT = auto;
				SUPPORTED_PLATFORMS = "iphoneos iphonesimulator macosx";
				SWIFT_EMIT_LOC_STRINGS = NO;
				SWIFT_VERSION = 5.0;
				TARGETED_DEVICE_FAMILY = "1,2";
				TEST_TARGET_NAME = "tattoo-artist-finder";
			};
			name = Release;
		};
/* End XCBuildConfiguration section */

/* Begin XCConfigurationList section */
		D805E9022A95100F003C2614 /* Build configuration list for PBXProject "tattoo-artist-finder" */ = {
			isa = XCConfigurationList;
			buildConfigurations = (
				D805E92A2A951010003C2614 /* Debug */,
				D805E92B2A951010003C2614 /* Release */,
			);
			defaultConfigurationIsVisible = 0;
			defaultConfigurationName = Release;
		};
		D805E92C2A951010003C2614 /* Build configuration list for PBXNativeTarget "tattoo-artist-finder" */ = {
			isa = XCConfigurationList;
			buildConfigurations = (
				D805E92D2A951010003C2614 /* Debug */,
				D805E92E2A951010003C2614 /* Release */,
			);
			defaultConfigurationIsVisible = 0;
			defaultConfigurationName = Release;
		};
		D805E92F2A951010003C2614 /* Build configuration list for PBXNativeTarget "tattoo-artist-finderTests" */ = {
			isa = XCConfigurationList;
			buildConfigurations = (
				D805E9302A951010003C2614 /* Debug */,
				D805E9312A951010003C2614 /* Release */,
			);
			defaultConfigurationIsVisible = 0;
			defaultConfigurationName = Release;
		};
		D805E9322A951010003C2614 /* Build configuration list for PBXNativeTarget "tattoo-artist-finderUITests" */ = {
			isa = XCConfigurationList;
			buildConfigurations = (
				D805E9332A951010003C2614 /* Debug */,
				D805E9342A951010003C2614 /* Release */,
			);
			defaultConfigurationIsVisible = 0;
			defaultConfigurationName = Release;
		};
/* End XCConfigurationList section */
	};
	rootObject = D805E8FF2A95100F003C2614 /* Project object */;
}
